# THIS IS AN AUTOGENERATED FILE. DO NOT EDIT THIS FILE DIRECTLY.
# yarn lockfile v1


alexa-helpers@^1.1.1:
  version "1.1.5"
  resolved "https://registry.yarnpkg.com/alexa-helpers/-/alexa-helpers-1.1.5.tgz#eeeacc8bc7d7a7c015b520af3e01b84b3020c935"
  dependencies:
    bluebird "^3.4.1"
    lodash "^4.13.1"
    string "^3.3.1"

bluebird@^3.4.1:
  version "3.5.0"
  resolved "https://registry.yarnpkg.com/bluebird/-/bluebird-3.5.0.tgz#791420d7f551eea2897453a8a77653f96606d67c"

capitalize@^1.0.0:
  version "1.0.0"
  resolved "https://registry.yarnpkg.com/capitalize/-/capitalize-1.0.0.tgz#dc802c580aee101929020d2ca14b4ca8a0ae44be"

debug@^2.6.0:
  version "2.6.3"
  resolved "https://registry.yarnpkg.com/debug/-/debug-2.6.3.tgz#0f7eb8c30965ec08c72accfa0130c8b79984141d"
  dependencies:
    ms "0.7.2"

i18next@^7.0.0:
  version "7.1.3"
  resolved "https://registry.yarnpkg.com/i18next/-/i18next-7.1.3.tgz#4548579502d85fac1de5e646a0bbb85e6cc732e1"

lodash@^4.13.1, lodash@^4.17.4:
  version "4.17.4"
  resolved "https://registry.yarnpkg.com/lodash/-/lodash-4.17.4.tgz#78203a4d1c328ae1d86dca6460e369b57f4055ae"

ms@0.7.2:
  version "0.7.2"
  resolved "https://registry.yarnpkg.com/ms/-/ms-0.7.2.tgz#ae25cf2512b3885a1d95d7f037868d8431124765"

string@^3.3.1:
  version "3.3.3"
  resolved "https://registry.yarnpkg.com/string/-/string-3.3.3.tgz#5ea211cd92d228e184294990a6cc97b366a77cb0"

voxa@^2.1.0:
  version "2.1.0"
  resolved "https://registry.yarnpkg.com/voxa/-/voxa-2.1.0.tgz#9d0901c70d3216738dd4923d1d2f1988c2f56dfb"
  dependencies:
    alexa-helpers "^1.1.1"
    bluebird "^3.4.1"
    capitalize "^1.0.0"
    debug "^2.6.0"
    i18next "^7.0.0"
    lodash "^4.13.1"
    string "^3.3.1"
